
Microsoft Visual Studio Solution File, Format Version 12.00
# Visual Studio 15
VisualStudioVersion = 15.0.26403.7
VisualStudioVersion = 12.0.31101.0
MinimumVisualStudioVersion = 10.0.40219.1
Project("{FAE04EC0-301F-11D3-BF4B-00C04F79EFBC}") = "ITunesLibraryParser", "ITunesLibraryParser\ITunesLibraryParser.csproj", "{B251EEE4-5448-4F54-9755-86EB79DA9419}"
EndProject
Project("{FAE04EC0-301F-11D3-BF4B-00C04F79EFBC}") = "ITunesLibraryParser.Tests", "ITunesLibraryParserTests\ITunesLibraryParser.Tests.csproj", "{A1761372-7310-49EB-ABA5-A609EC99F24B}"
EndProject
Global
	GlobalSection(SolutionConfigurationPlatforms) = preSolution
		Debug|Any CPU = Debug|Any CPU
		Release|Any CPU = Release|Any CPU
	EndGlobalSection
	GlobalSection(ProjectConfigurationPlatforms) = postSolution
		{B251EEE4-5448-4F54-9755-86EB79DA9419}.Debug|Any CPU.ActiveCfg = Debug|Any CPU
		{B251EEE4-5448-4F54-9755-86EB79DA9419}.Debug|Any CPU.Build.0 = Debug|Any CPU
		{B251EEE4-5448-4F54-9755-86EB79DA9419}.Release|Any CPU.ActiveCfg = Release|Any CPU
		{B251EEE4-5448-4F54-9755-86EB79DA9419}.Release|Any CPU.Build.0 = Release|Any CPU
		{A1761372-7310-49EB-ABA5-A609EC99F24B}.Debug|Any CPU.ActiveCfg = Debug|Any CPU
		{A1761372-7310-49EB-ABA5-A609EC99F24B}.Debug|Any CPU.Build.0 = Debug|Any CPU
		{A1761372-7310-49EB-ABA5-A609EC99F24B}.Release|Any CPU.ActiveCfg = Release|Any CPU
		{A1761372-7310-49EB-ABA5-A609EC99F24B}.Release|Any CPU.Build.0 = Release|Any CPU
	EndGlobalSection
	GlobalSection(SolutionProperties) = preSolution
		HideSolutionNode = FALSE
	EndGlobalSection
EndGlobal
